
Microsoft Visual Studio Solution File, Format Version 12.00
# Visual Studio Version 17
VisualStudioVersion = 17.13.35825.156
MinimumVisualStudioVersion = 10.0.40219.1
Project("{2150E333-8FDC-42A3-9474-1A3956D46DE8}") = "src", "src", "{827E0CD3-B72D-47B6-A68D-7590B98EB39B}"
EndProject
Project("{FAE04EC0-301F-11D3-BF4B-00C04F79EFBC}") = "CRM.API", "src\CRM.API\CRM.API.csproj", "{5F6CD68A-6F03-4C93-87D3-18F9AD29A86A}"
EndProject
Project("{FAE04EC0-301F-11D3-BF4B-00C04F79EFBC}") = "CRM.Domain", "src\CRM.Domain\CRM.Domain.csproj", "{36EFE7F2-9D3B-4DF2-87DA-06AA328DEC6A}"
EndProject
Project("{FAE04EC0-301F-11D3-BF4B-00C04F79EFBC}") = "CRM.Services", "src\CRM.Services\CRM.Services.csproj", "{8A1C3B55-AD80-4FA1-9DC3-3EA63EDED0AF}"
EndProject
Project("{FAE04EC0-301F-11D3-BF4B-00C04F79EFBC}") = "CRM.Infrastructure", "src\CRM.Infrastructure\CRM.Infrastructure.csproj", "{6CFA50BD-F8D3-4003-9676-8292E38C7203}"
EndProject
Project("{2150E333-8FDC-42A3-9474-1A3956D46DE8}") = "tests", "tests", "{0AB3BF05-4346-4AA6-1389-037BE0695223}"
EndProject
Project("{FAE04EC0-301F-11D3-BF4B-00C04F79EFBC}") = "CRM.Tests", "tests\CRM.Tests\CRM.Tests.csproj", "{A24503A8-B371-463E-80E5-B7EF089A7812}"
EndProject
Global
	GlobalSection(SolutionConfigurationPlatforms) = preSolution
		Debug|Any CPU = Debug|Any CPU
		Debug|x64 = Debug|x64
		Debug|x86 = Debug|x86
		Release|Any CPU = Release|Any CPU
		Release|x64 = Release|x64
		Release|x86 = Release|x86
	EndGlobalSection
	GlobalSection(ProjectConfigurationPlatforms) = postSolution
		{5F6CD68A-6F03-4C93-87D3-18F9AD29A86A}.Debug|Any CPU.ActiveCfg = Debug|Any CPU
		{5F6CD68A-6F03-4C93-87D3-18F9AD29A86A}.Debug|Any CPU.Build.0 = Debug|Any CPU
		{5F6CD68A-6F03-4C93-87D3-18F9AD29A86A}.Debug|x64.ActiveCfg = Debug|Any CPU
		{5F6CD68A-6F03-4C93-87D3-18F9AD29A86A}.Debug|x64.Build.0 = Debug|Any CPU
		{5F6CD68A-6F03-4C93-87D3-18F9AD29A86A}.Debug|x86.ActiveCfg = Debug|Any CPU
		{5F6CD68A-6F03-4C93-87D3-18F9AD29A86A}.Debug|x86.Build.0 = Debug|Any CPU
		{5F6CD68A-6F03-4C93-87D3-18F9AD29A86A}.Release|Any CPU.ActiveCfg = Release|Any CPU
		{5F6CD68A-6F03-4C93-87D3-18F9AD29A86A}.Release|Any CPU.Build.0 = Release|Any CPU
		{5F6CD68A-6F03-4C93-87D3-18F9AD29A86A}.Release|x64.ActiveCfg = Release|Any CPU
		{5F6CD68A-6F03-4C93-87D3-18F9AD29A86A}.Release|x64.Build.0 = Release|Any CPU
		{5F6CD68A-6F03-4C93-87D3-18F9AD29A86A}.Release|x86.ActiveCfg = Release|Any CPU
		{5F6CD68A-6F03-4C93-87D3-18F9AD29A86A}.Release|x86.Build.0 = Release|Any CPU
		{36EFE7F2-9D3B-4DF2-87DA-06AA328DEC6A}.Debug|Any CPU.ActiveCfg = Debug|Any CPU
		{36EFE7F2-9D3B-4DF2-87DA-06AA328DEC6A}.Debug|Any CPU.Build.0 = Debug|Any CPU
		{36EFE7F2-9D3B-4DF2-87DA-06AA328DEC6A}.Debug|x64.ActiveCfg = Debug|Any CPU
		{36EFE7F2-9D3B-4DF2-87DA-06AA328DEC6A}.Debug|x64.Build.0 = Debug|Any CPU
		{36EFE7F2-9D3B-4DF2-87DA-06AA328DEC6A}.Debug|x86.ActiveCfg = Debug|Any CPU
		{36EFE7F2-9D3B-4DF2-87DA-06AA328DEC6A}.Debug|x86.Build.0 = Debug|Any CPU
		{36EFE7F2-9D3B-4DF2-87DA-06AA328DEC6A}.Release|Any CPU.ActiveCfg = Release|Any CPU
		{36EFE7F2-9D3B-4DF2-87DA-06AA328DEC6A}.Release|Any CPU.Build.0 = Release|Any CPU
		{36EFE7F2-9D3B-4DF2-87DA-06AA328DEC6A}.Release|x64.ActiveCfg = Release|Any CPU
		{36EFE7F2-9D3B-4DF2-87DA-06AA328DEC6A}.Release|x64.Build.0 = Release|Any CPU
		{36EFE7F2-9D3B-4DF2-87DA-06AA328DEC6A}.Release|x86.ActiveCfg = Release|Any CPU
		{36EFE7F2-9D3B-4DF2-87DA-06AA328DEC6A}.Release|x86.Build.0 = Release|Any CPU
		{8A1C3B55-AD80-4FA1-9DC3-3EA63EDED0AF}.Debug|Any CPU.ActiveCfg = Debug|Any CPU
		{8A1C3B55-AD80-4FA1-9DC3-3EA63EDED0AF}.Debug|Any CPU.Build.0 = Debug|Any CPU
		{8A1C3B55-AD80-4FA1-9DC3-3EA63EDED0AF}.Debug|x64.ActiveCfg = Debug|Any CPU
		{8A1C3B55-AD80-4FA1-9DC3-3EA63EDED0AF}.Debug|x64.Build.0 = Debug|Any CPU
		{8A1C3B55-AD80-4FA1-9DC3-3EA63EDED0AF}.Debug|x86.ActiveCfg = Debug|Any CPU
		{8A1C3B55-AD80-4FA1-9DC3-3EA63EDED0AF}.Debug|x86.Build.0 = Debug|Any CPU
		{8A1C3B55-AD80-4FA1-9DC3-3EA63EDED0AF}.Release|Any CPU.ActiveCfg = Release|Any CPU
		{8A1C3B55-AD80-4FA1-9DC3-3EA63EDED0AF}.Release|Any CPU.Build.0 = Release|Any CPU
		{8A1C3B55-AD80-4FA1-9DC3-3EA63EDED0AF}.Release|x64.ActiveCfg = Release|Any CPU
		{8A1C3B55-AD80-4FA1-9DC3-3EA63EDED0AF}.Release|x64.Build.0 = Release|Any CPU
		{8A1C3B55-AD80-4FA1-9DC3-3EA63EDED0AF}.Release|x86.ActiveCfg = Release|Any CPU
		{8A1C3B55-AD80-4FA1-9DC3-3EA63EDED0AF}.Release|x86.Build.0 = Release|Any CPU
		{6CFA50BD-F8D3-4003-9676-8292E38C7203}.Debug|Any CPU.ActiveCfg = Debug|Any CPU
		{6CFA50BD-F8D3-4003-9676-8292E38C7203}.Debug|Any CPU.Build.0 = Debug|Any CPU
		{6CFA50BD-F8D3-4003-9676-8292E38C7203}.Debug|x64.ActiveCfg = Debug|Any CPU
		{6CFA50BD-F8D3-4003-9676-8292E38C7203}.Debug|x64.Build.0 = Debug|Any CPU
		{6CFA50BD-F8D3-4003-9676-8292E38C7203}.Debug|x86.ActiveCfg = Debug|Any CPU
		{6CFA50BD-F8D3-4003-9676-8292E38C7203}.Debug|x86.Build.0 = Debug|Any CPU
		{6CFA50BD-F8D3-4003-9676-8292E38C7203}.Release|Any CPU.ActiveCfg = Release|Any CPU
		{6CFA50BD-F8D3-4003-9676-8292E38C7203}.Release|Any CPU.Build.0 = Release|Any CPU
		{6CFA50BD-F8D3-4003-9676-8292E38C7203}.Release|x64.ActiveCfg = Release|Any CPU
		{6CFA50BD-F8D3-4003-9676-8292E38C7203}.Release|x64.Build.0 = Release|Any CPU
		{6CFA50BD-F8D3-4003-9676-8292E38C7203}.Release|x86.ActiveCfg = Release|Any CPU
		{6CFA50BD-F8D3-4003-9676-8292E38C7203}.Release|x86.Build.0 = Release|Any CPU
		{A24503A8-B371-463E-80E5-B7EF089A7812}.Debug|Any CPU.ActiveCfg = Debug|Any CPU
		{A24503A8-B371-463E-80E5-B7EF089A7812}.Debug|Any CPU.Build.0 = Debug|Any CPU
		{A24503A8-B371-463E-80E5-B7EF089A7812}.Debug|x64.ActiveCfg = Debug|Any CPU
		{A24503A8-B371-463E-80E5-B7EF089A7812}.Debug|x64.Build.0 = Debug|Any CPU
		{A24503A8-B371-463E-80E5-B7EF089A7812}.Debug|x86.ActiveCfg = Debug|Any CPU
		{A24503A8-B371-463E-80E5-B7EF089A7812}.Debug|x86.Build.0 = Debug|Any CPU
		{A24503A8-B371-463E-80E5-B7EF089A7812}.Release|Any CPU.ActiveCfg = Release|Any CPU
		{A24503A8-B371-463E-80E5-B7EF089A7812}.Release|Any CPU.Build.0 = Release|Any CPU
		{A24503A8-B371-463E-80E5-B7EF089A7812}.Release|x64.ActiveCfg = Release|Any CPU
		{A24503A8-B371-463E-80E5-B7EF089A7812}.Release|x64.Build.0 = Release|Any CPU
		{A24503A8-B371-463E-80E5-B7EF089A7812}.Release|x86.ActiveCfg = Release|Any CPU
		{A24503A8-B371-463E-80E5-B7EF089A7812}.Release|x86.Build.0 = Release|Any CPU
	EndGlobalSection
	GlobalSection(SolutionProperties) = preSolution
		HideSolutionNode = FALSE
	EndGlobalSection
	GlobalSection(NestedProjects) = preSolution
		{5F6CD68A-6F03-4C93-87D3-18F9AD29A86A} = {827E0CD3-B72D-47B6-A68D-7590B98EB39B}
		{36EFE7F2-9D3B-4DF2-87DA-06AA328DEC6A} = {827E0CD3-B72D-47B6-A68D-7590B98EB39B}
		{8A1C3B55-AD80-4FA1-9DC3-3EA63EDED0AF} = {827E0CD3-B72D-47B6-A68D-7590B98EB39B}
		{6CFA50BD-F8D3-4003-9676-8292E38C7203} = {827E0CD3-B72D-47B6-A68D-7590B98EB39B}
		{A24503A8-B371-463E-80E5-B7EF089A7812} = {0AB3BF05-4346-4AA6-1389-037BE0695223}
	EndGlobalSection
	GlobalSection(ExtensibilityGlobals) = postSolution
		SolutionGuid = {365C8C2E-A50E-423A-9238-73378B09C0B2}
	EndGlobalSection
EndGlobal
